// !$*UTF8*$!
{
	archiveVersion = 1;
	classes = {
	};
	objectVersion = 56;
	objects = {

/* Begin PBXBuildFile section */
		3812946F2BE3B323001CB276 /* ProductStruct.swift in Sources */ = {isa = PBXBuildFile; fileRef = 3812946E2BE3B323001CB276 /* ProductStruct.swift */; };
		381294712BE3B999001CB276 /* OrderInAppViewController.swift in Sources */ = {isa = PBXBuildFile; fileRef = 381294702BE3B999001CB276 /* OrderInAppViewController.swift */; };
		381294732BE3C3E5001CB276 /* CartBrain.swift in Sources */ = {isa = PBXBuildFile; fileRef = 381294722BE3C3E5001CB276 /* CartBrain.swift */; };
		381294752BE3C437001CB276 /* CategoriesTableViewCell.swift in Sources */ = {isa = PBXBuildFile; fileRef = 381294742BE3C437001CB276 /* CategoriesTableViewCell.swift */; };
		38388F512BD5430500265183 /* homeCellStruct.swift in Sources */ = {isa = PBXBuildFile; fileRef = 38388F502BD5430500265183 /* homeCellStruct.swift */; };
		38388F532BD5454B00265183 /* HomeTableViewCell.swift in Sources */ = {isa = PBXBuildFile; fileRef = 38388F522BD5454B00265183 /* HomeTableViewCell.swift */; };
		3849F5692C01CDC200109C8B /* FirebaseAnalytics in Frameworks */ = {isa = PBXBuildFile; productRef = 3849F5682C01CDC200109C8B /* FirebaseAnalytics */; };
		3849F56B2C01CDC200109C8B /* FirebaseAnalyticsOnDeviceConversion in Frameworks */ = {isa = PBXBuildFile; productRef = 3849F56A2C01CDC200109C8B /* FirebaseAnalyticsOnDeviceConversion */; };
		3849F56D2C01CDC200109C8B /* FirebaseAnalyticsSwift in Frameworks */ = {isa = PBXBuildFile; productRef = 3849F56C2C01CDC200109C8B /* FirebaseAnalyticsSwift */; };
		3849F56F2C01CDC200109C8B /* FirebaseAnalyticsWithoutAdIdSupport in Frameworks */ = {isa = PBXBuildFile; productRef = 3849F56E2C01CDC200109C8B /* FirebaseAnalyticsWithoutAdIdSupport */; };
		3849F5712C01CDC200109C8B /* FirebaseAppCheck in Frameworks */ = {isa = PBXBuildFile; productRef = 3849F5702C01CDC200109C8B /* FirebaseAppCheck */; };
		3849F5732C01CDC200109C8B /* FirebaseAppDistribution-Beta in Frameworks */ = {isa = PBXBuildFile; productRef = 3849F5722C01CDC200109C8B /* FirebaseAppDistribution-Beta */; };
		3849F5752C01CDC200109C8B /* FirebaseAuth in Frameworks */ = {isa = PBXBuildFile; productRef = 3849F5742C01CDC200109C8B /* FirebaseAuth */; };
		3849F5772C01CDC200109C8B /* FirebaseAuthCombine-Community in Frameworks */ = {isa = PBXBuildFile; productRef = 3849F5762C01CDC200109C8B /* FirebaseAuthCombine-Community */; };
		3849F5792C01CDC200109C8B /* FirebaseCrashlytics in Frameworks */ = {isa = PBXBuildFile; productRef = 3849F5782C01CDC200109C8B /* FirebaseCrashlytics */; };
		3849F57B2C01CDC200109C8B /* FirebaseDatabase in Frameworks */ = {isa = PBXBuildFile; productRef = 3849F57A2C01CDC200109C8B /* FirebaseDatabase */; };
		3849F57D2C01CDC200109C8B /* FirebaseDatabaseSwift in Frameworks */ = {isa = PBXBuildFile; productRef = 3849F57C2C01CDC200109C8B /* FirebaseDatabaseSwift */; };
		3849F57F2C01CDC200109C8B /* FirebaseDynamicLinks in Frameworks */ = {isa = PBXBuildFile; productRef = 3849F57E2C01CDC200109C8B /* FirebaseDynamicLinks */; };
		3849F5812C01CDC200109C8B /* FirebaseFirestore in Frameworks */ = {isa = PBXBuildFile; productRef = 3849F5802C01CDC200109C8B /* FirebaseFirestore */; };
		3849F5832C01CDC200109C8B /* FirebaseFirestoreCombine-Community in Frameworks */ = {isa = PBXBuildFile; productRef = 3849F5822C01CDC200109C8B /* FirebaseFirestoreCombine-Community */; };
		3849F5852C01CDC200109C8B /* FirebaseFirestoreSwift in Frameworks */ = {isa = PBXBuildFile; productRef = 3849F5842C01CDC200109C8B /* FirebaseFirestoreSwift */; };
		3849F5872C01CDC200109C8B /* FirebaseFunctions in Frameworks */ = {isa = PBXBuildFile; productRef = 3849F5862C01CDC200109C8B /* FirebaseFunctions */; };
		3849F5892C01CDC200109C8B /* FirebaseFunctionsCombine-Community in Frameworks */ = {isa = PBXBuildFile; productRef = 3849F5882C01CDC200109C8B /* FirebaseFunctionsCombine-Community */; };
		3849F58B2C01CDC200109C8B /* FirebaseInAppMessaging-Beta in Frameworks */ = {isa = PBXBuildFile; productRef = 3849F58A2C01CDC200109C8B /* FirebaseInAppMessaging-Beta */; };
		3849F58D2C01CDC200109C8B /* FirebaseInAppMessagingSwift-Beta in Frameworks */ = {isa = PBXBuildFile; productRef = 3849F58C2C01CDC200109C8B /* FirebaseInAppMessagingSwift-Beta */; };
		3849F58F2C01CDC200109C8B /* FirebaseInstallations in Frameworks */ = {isa = PBXBuildFile; productRef = 3849F58E2C01CDC200109C8B /* FirebaseInstallations */; };
		3849F5912C01CDC200109C8B /* FirebaseMLModelDownloader in Frameworks */ = {isa = PBXBuildFile; productRef = 3849F5902C01CDC200109C8B /* FirebaseMLModelDownloader */; };
		3849F5932C01CDC200109C8B /* FirebaseMessaging in Frameworks */ = {isa = PBXBuildFile; productRef = 3849F5922C01CDC200109C8B /* FirebaseMessaging */; };
		3849F5952C01CDC200109C8B /* FirebasePerformance in Frameworks */ = {isa = PBXBuildFile; productRef = 3849F5942C01CDC200109C8B /* FirebasePerformance */; };
		3849F5972C01CDC200109C8B /* FirebaseRemoteConfig in Frameworks */ = {isa = PBXBuildFile; productRef = 3849F5962C01CDC200109C8B /* FirebaseRemoteConfig */; };
		3849F5992C01CDC200109C8B /* FirebaseRemoteConfigSwift in Frameworks */ = {isa = PBXBuildFile; productRef = 3849F5982C01CDC200109C8B /* FirebaseRemoteConfigSwift */; };
		3849F59B2C01CDC200109C8B /* FirebaseStorage in Frameworks */ = {isa = PBXBuildFile; productRef = 3849F59A2C01CDC200109C8B /* FirebaseStorage */; };
		3849F59D2C01CDC200109C8B /* FirebaseStorageCombine-Community in Frameworks */ = {isa = PBXBuildFile; productRef = 3849F59C2C01CDC200109C8B /* FirebaseStorageCombine-Community */; };
		3849F59F2C01CDC200109C8B /* FirebaseVertexAI-Preview in Frameworks */ = {isa = PBXBuildFile; productRef = 3849F59E2C01CDC200109C8B /* FirebaseVertexAI-Preview */; };
		3849F5A22C01D13E00109C8B /* SCLAlertView in Frameworks */ = {isa = PBXBuildFile; productRef = 3849F5A12C01D13E00109C8B /* SCLAlertView */; };
		3849F5A52C01D18300109C8B /* NVActivityIndicatorView in Frameworks */ = {isa = PBXBuildFile; productRef = 3849F5A42C01D18300109C8B /* NVActivityIndicatorView */; };
		3849F5A72C01D18300109C8B /* NVActivityIndicatorViewExtended in Frameworks */ = {isa = PBXBuildFile; productRef = 3849F5A62C01D18300109C8B /* NVActivityIndicatorViewExtended */; };
		3849F5A92C02907900109C8B /* GoogleService-Info.plist in Resources */ = {isa = PBXBuildFile; fileRef = 3849F5A82C02907900109C8B /* GoogleService-Info.plist */; };
		38550A202BD5829B0034F88E /* HomeTableViewController.swift in Sources */ = {isa = PBXBuildFile; fileRef = 38550A1F2BD5829B0034F88E /* HomeTableViewController.swift */; };
		38550A222BD5A7870034F88E /* altroCellStruct.swift in Sources */ = {isa = PBXBuildFile; fileRef = 38550A212BD5A7870034F88E /* altroCellStruct.swift */; };
		38550A242BD5A8AB0034F88E /* AltroTableViewController.swift in Sources */ = {isa = PBXBuildFile; fileRef = 38550A232BD5A8AB0034F88E /* AltroTableViewController.swift */; };
		38550A262BD5A8C10034F88E /* AltroTableViewCell.swift in Sources */ = {isa = PBXBuildFile; fileRef = 38550A252BD5A8C10034F88E /* AltroTableViewCell.swift */; };
		38550A282BD5C20B0034F88E /* offerteCellStruct.swift in Sources */ = {isa = PBXBuildFile; fileRef = 38550A272BD5C20B0034F88E /* offerteCellStruct.swift */; };
		38550A2C2BD6B3180034F88E /* DealsCollectionViewCell.swift in Sources */ = {isa = PBXBuildFile; fileRef = 38550A2B2BD6B3180034F88E /* DealsCollectionViewCell.swift */; };
		38550A2E2BD6B3490034F88E /* DealsViewController.swift in Sources */ = {isa = PBXBuildFile; fileRef = 38550A2D2BD6B3490034F88E /* DealsViewController.swift */; };
		38550A302BD6CBB00034F88E /* QRViewController.swift in Sources */ = {isa = PBXBuildFile; fileRef = 38550A2F2BD6CBB00034F88E /* QRViewController.swift */; };
		385878FC2BD53202006C32B5 /* AppDelegate.swift in Sources */ = {isa = PBXBuildFile; fileRef = 385878FB2BD53202006C32B5 /* AppDelegate.swift */; };
		385878FE2BD53202006C32B5 /* SceneDelegate.swift in Sources */ = {isa = PBXBuildFile; fileRef = 385878FD2BD53202006C32B5 /* SceneDelegate.swift */; };
		385879032BD53202006C32B5 /* Base in Resources */ = {isa = PBXBuildFile; fileRef = 385879022BD53202006C32B5 /* Base */; };
		385879052BD53203006C32B5 /* Assets.xcassets in Resources */ = {isa = PBXBuildFile; fileRef = 385879042BD53203006C32B5 /* Assets.xcassets */; };
		385879082BD53203006C32B5 /* Base in Resources */ = {isa = PBXBuildFile; fileRef = 385879072BD53203006C32B5 /* Base */; };
		38CE30332BE6337300821A58 /* SigninViewController.swift in Sources */ = {isa = PBXBuildFile; fileRef = 38CE30322BE6337300821A58 /* SigninViewController.swift */; };
		38CE30352BE6338700821A58 /* SignupViewController.swift in Sources */ = {isa = PBXBuildFile; fileRef = 38CE30342BE6338700821A58 /* SignupViewController.swift */; };
		38E883FF2BE3DAE80032B22C /* ProductsViewController.swift in Sources */ = {isa = PBXBuildFile; fileRef = 38E883FE2BE3DAE80032B22C /* ProductsViewController.swift */; };
		38F82DA12BE61F8B00F2B7D8 /* FirstViewController.swift in Sources */ = {isa = PBXBuildFile; fileRef = 38F82DA02BE61F8B00F2B7D8 /* FirstViewController.swift */; };
		C8C2A0E0477FAF254CC19F6F /* Pods_McClone2.framework in Frameworks */ = {isa = PBXBuildFile; fileRef = F5A77E931F7BAFC6E5F6FB76 /* Pods_McClone2.framework */; };
/* End PBXBuildFile section */

/* Begin PBXFileReference section */
		3812946E2BE3B323001CB276 /* ProductStruct.swift */ = {isa = PBXFileReference; lastKnownFileType = sourcecode.swift; path = ProductStruct.swift; sourceTree = "<group>"; };
		381294702BE3B999001CB276 /* OrderInAppViewController.swift */ = {isa = PBXFileReference; lastKnownFileType = sourcecode.swift; path = OrderInAppViewController.swift; sourceTree = "<group>"; };
		381294722BE3C3E5001CB276 /* CartBrain.swift */ = {isa = PBXFileReference; lastKnownFileType = sourcecode.swift; path = CartBrain.swift; sourceTree = "<group>"; };
		381294742BE3C437001CB276 /* CategoriesTableViewCell.swift */ = {isa = PBXFileReference; lastKnownFileType = sourcecode.swift; path = CategoriesTableViewCell.swift; sourceTree = "<group>"; };
		38388F502BD5430500265183 /* homeCellStruct.swift */ = {isa = PBXFileReference; lastKnownFileType = sourcecode.swift; path = homeCellStruct.swift; sourceTree = "<group>"; };
		38388F522BD5454B00265183 /* HomeTableViewCell.swift */ = {isa = PBXFileReference; lastKnownFileType = sourcecode.swift; path = HomeTableViewCell.swift; sourceTree = "<group>"; };
		3849F5A82C02907900109C8B /* GoogleService-Info.plist */ = {isa = PBXFileReference; fileEncoding = 4; lastKnownFileType = text.plist.xml; path = "GoogleService-Info.plist"; sourceTree = "<group>"; };
		38550A1F2BD5829B0034F88E /* HomeTableViewController.swift */ = {isa = PBXFileReference; lastKnownFileType = sourcecode.swift; path = HomeTableViewController.swift; sourceTree = "<group>"; };
		38550A212BD5A7870034F88E /* altroCellStruct.swift */ = {isa = PBXFileReference; lastKnownFileType = sourcecode.swift; path = altroCellStruct.swift; sourceTree = "<group>"; };
		38550A232BD5A8AB0034F88E /* AltroTableViewController.swift */ = {isa = PBXFileReference; lastKnownFileType = sourcecode.swift; path = AltroTableViewController.swift; sourceTree = "<group>"; };
		38550A252BD5A8C10034F88E /* AltroTableViewCell.swift */ = {isa = PBXFileReference; lastKnownFileType = sourcecode.swift; path = AltroTableViewCell.swift; sourceTree = "<group>"; };
		38550A272BD5C20B0034F88E /* offerteCellStruct.swift */ = {isa = PBXFileReference; lastKnownFileType = sourcecode.swift; path = offerteCellStruct.swift; sourceTree = "<group>"; };
		38550A2B2BD6B3180034F88E /* DealsCollectionViewCell.swift */ = {isa = PBXFileReference; lastKnownFileType = sourcecode.swift; path = DealsCollectionViewCell.swift; sourceTree = "<group>"; };
		38550A2D2BD6B3490034F88E /* DealsViewController.swift */ = {isa = PBXFileReference; lastKnownFileType = sourcecode.swift; path = DealsViewController.swift; sourceTree = "<group>"; };
		38550A2F2BD6CBB00034F88E /* QRViewController.swift */ = {isa = PBXFileReference; lastKnownFileType = sourcecode.swift; path = QRViewController.swift; sourceTree = "<group>"; };
		385878F82BD53202006C32B5 /* McClone2.app */ = {isa = PBXFileReference; explicitFileType = wrapper.application; includeInIndex = 0; path = McClone2.app; sourceTree = BUILT_PRODUCTS_DIR; };
		385878FB2BD53202006C32B5 /* AppDelegate.swift */ = {isa = PBXFileReference; lastKnownFileType = sourcecode.swift; path = AppDelegate.swift; sourceTree = "<group>"; };
		385878FD2BD53202006C32B5 /* SceneDelegate.swift */ = {isa = PBXFileReference; lastKnownFileType = sourcecode.swift; path = SceneDelegate.swift; sourceTree = "<group>"; };
		385879022BD53202006C32B5 /* Base */ = {isa = PBXFileReference; lastKnownFileType = file.storyboard; name = Base; path = Base.lproj/Main.storyboard; sourceTree = "<group>"; };
		385879042BD53203006C32B5 /* Assets.xcassets */ = {isa = PBXFileReference; lastKnownFileType = folder.assetcatalog; path = Assets.xcassets; sourceTree = "<group>"; };
		385879072BD53203006C32B5 /* Base */ = {isa = PBXFileReference; lastKnownFileType = file.storyboard; name = Base; path = Base.lproj/LaunchScreen.storyboard; sourceTree = "<group>"; };
		385879092BD53203006C32B5 /* Info.plist */ = {isa = PBXFileReference; lastKnownFileType = text.plist.xml; path = Info.plist; sourceTree = "<group>"; };
		38CE30322BE6337300821A58 /* SigninViewController.swift */ = {isa = PBXFileReference; lastKnownFileType = sourcecode.swift; path = SigninViewController.swift; sourceTree = "<group>"; };
		38CE30342BE6338700821A58 /* SignupViewController.swift */ = {isa = PBXFileReference; lastKnownFileType = sourcecode.swift; path = SignupViewController.swift; sourceTree = "<group>"; };
		38E883FE2BE3DAE80032B22C /* ProductsViewController.swift */ = {isa = PBXFileReference; lastKnownFileType = sourcecode.swift; path = ProductsViewController.swift; sourceTree = "<group>"; };
		38F82DA02BE61F8B00F2B7D8 /* FirstViewController.swift */ = {isa = PBXFileReference; lastKnownFileType = sourcecode.swift; path = FirstViewController.swift; sourceTree = "<group>"; };
		92FFD2833229B5941BC5DB41 /* Pods-McClone2.debug.xcconfig */ = {isa = PBXFileReference; includeInIndex = 1; lastKnownFileType = text.xcconfig; name = "Pods-McClone2.debug.xcconfig"; path = "Target Support Files/Pods-McClone2/Pods-McClone2.debug.xcconfig"; sourceTree = "<group>"; };
		CAC7BE1A88A4584C4D97C4BC /* Pods-McClone2.release.xcconfig */ = {isa = PBXFileReference; includeInIndex = 1; lastKnownFileType = text.xcconfig; name = "Pods-McClone2.release.xcconfig"; path = "Target Support Files/Pods-McClone2/Pods-McClone2.release.xcconfig"; sourceTree = "<group>"; };
		F5A77E931F7BAFC6E5F6FB76 /* Pods_McClone2.framework */ = {isa = PBXFileReference; explicitFileType = wrapper.framework; includeInIndex = 0; path = Pods_McClone2.framework; sourceTree = BUILT_PRODUCTS_DIR; };
/* End PBXFileReference section */

/* Begin PBXFrameworksBuildPhase section */
		385878F52BD53202006C32B5 /* Frameworks */ = {
			isa = PBXFrameworksBuildPhase;
			buildActionMask = 2147483647;
			files = (
				3849F5872C01CDC200109C8B /* FirebaseFunctions in Frameworks */,
				3849F57D2C01CDC200109C8B /* FirebaseDatabaseSwift in Frameworks */,
				3849F59F2C01CDC200109C8B /* FirebaseVertexAI-Preview in Frameworks */,
				3849F5A22C01D13E00109C8B /* SCLAlertView in Frameworks */,
				3849F58D2C01CDC200109C8B /* FirebaseInAppMessagingSwift-Beta in Frameworks */,
				3849F5932C01CDC200109C8B /* FirebaseMessaging in Frameworks */,
				3849F5732C01CDC200109C8B /* FirebaseAppDistribution-Beta in Frameworks */,
				3849F5772C01CDC200109C8B /* FirebaseAuthCombine-Community in Frameworks */,
				3849F5832C01CDC200109C8B /* FirebaseFirestoreCombine-Community in Frameworks */,
				3849F56D2C01CDC200109C8B /* FirebaseAnalyticsSwift in Frameworks */,
				3849F5912C01CDC200109C8B /* FirebaseMLModelDownloader in Frameworks */,
				3849F56F2C01CDC200109C8B /* FirebaseAnalyticsWithoutAdIdSupport in Frameworks */,
				3849F5692C01CDC200109C8B /* FirebaseAnalytics in Frameworks */,
				3849F5852C01CDC200109C8B /* FirebaseFirestoreSwift in Frameworks */,
				3849F56B2C01CDC200109C8B /* FirebaseAnalyticsOnDeviceConversion in Frameworks */,
				3849F5712C01CDC200109C8B /* FirebaseAppCheck in Frameworks */,
				3849F5952C01CDC200109C8B /* FirebasePerformance in Frameworks */,
				3849F58B2C01CDC200109C8B /* FirebaseInAppMessaging-Beta in Frameworks */,
				3849F5892C01CDC200109C8B /* FirebaseFunctionsCombine-Community in Frameworks */,
				3849F5792C01CDC200109C8B /* FirebaseCrashlytics in Frameworks */,
				3849F58F2C01CDC200109C8B /* FirebaseInstallations in Frameworks */,
				3849F5972C01CDC200109C8B /* FirebaseRemoteConfig in Frameworks */,
				3849F5A52C01D18300109C8B /* NVActivityIndicatorView in Frameworks */,
				3849F59B2C01CDC200109C8B /* FirebaseStorage in Frameworks */,
				3849F57B2C01CDC200109C8B /* FirebaseDatabase in Frameworks */,
				3849F5A72C01D18300109C8B /* NVActivityIndicatorViewExtended in Frameworks */,
				3849F59D2C01CDC200109C8B /* FirebaseStorageCombine-Community in Frameworks */,
				C8C2A0E0477FAF254CC19F6F /* Pods_McClone2.framework in Frameworks */,
				3849F5752C01CDC200109C8B /* FirebaseAuth in Frameworks */,
				3849F57F2C01CDC200109C8B /* FirebaseDynamicLinks in Frameworks */,
				3849F5812C01CDC200109C8B /* FirebaseFirestore in Frameworks */,
				3849F5992C01CDC200109C8B /* FirebaseRemoteConfigSwift in Frameworks */,
			);
			runOnlyForDeploymentPostprocessing = 0;
		};
/* End PBXFrameworksBuildPhase section */

/* Begin PBXGroup section */
		38388F4F2BD542DF00265183 /* Models */ = {
			isa = PBXGroup;
			children = (
				38E883FA2BE3D2850032B22C /* Home */,
				38E883FC2BE3D2BC0032B22C /* Other */,
				38E883FB2BE3D2A90032B22C /* Deals */,
				38E883FD2BE3D2CE0032B22C /* OrderInApp */,
			);
			path = Models;
			sourceTree = "<group>";
		};
		3845358F2BD5406D002997A1 /* Controllers */ = {
			isa = PBXGroup;
			children = (
				38550A1F2BD5829B0034F88E /* HomeTableViewController.swift */,
				38550A2F2BD6CBB00034F88E /* QRViewController.swift */,
				38550A232BD5A8AB0034F88E /* AltroTableViewController.swift */,
				38550A2D2BD6B3490034F88E /* DealsViewController.swift */,
				381294702BE3B999001CB276 /* OrderInAppViewController.swift */,
				38E883FE2BE3DAE80032B22C /* ProductsViewController.swift */,
				38CE30312BE6335200821A58 /* Login */,
			);
			path = Controllers;
			sourceTree = "<group>";
		};
		384535902BD5407D002997A1 /* View */ = {
			isa = PBXGroup;
			children = (
				385879062BD53203006C32B5 /* LaunchScreen.storyboard */,
				385879012BD53202006C32B5 /* Main.storyboard */,
			);
			path = View;
			sourceTree = "<group>";
		};
		385878EF2BD53202006C32B5 = {
			isa = PBXGroup;
			children = (
				385878FA2BD53202006C32B5 /* McClone2 */,
				385878F92BD53202006C32B5 /* Products */,
				D79FF4FCA347991D1E8E3902 /* Pods */,
				B86AD6766F3A3C289E81BF3B /* Frameworks */,
			);
			sourceTree = "<group>";
		};
		385878F92BD53202006C32B5 /* Products */ = {
			isa = PBXGroup;
			children = (
				385878F82BD53202006C32B5 /* McClone2.app */,
			);
			name = Products;
			sourceTree = "<group>";
		};
		385878FA2BD53202006C32B5 /* McClone2 */ = {
			isa = PBXGroup;
			children = (
				385878FB2BD53202006C32B5 /* AppDelegate.swift */,
				385878FD2BD53202006C32B5 /* SceneDelegate.swift */,
				384535902BD5407D002997A1 /* View */,
				38388F4F2BD542DF00265183 /* Models */,
				3845358F2BD5406D002997A1 /* Controllers */,
				385879042BD53203006C32B5 /* Assets.xcassets */,
				385879092BD53203006C32B5 /* Info.plist */,
				3849F5A82C02907900109C8B /* GoogleService-Info.plist */,
			);
			path = McClone2;
			sourceTree = "<group>";
		};
		38CE30312BE6335200821A58 /* Login */ = {
			isa = PBXGroup;
			children = (
				38F82DA02BE61F8B00F2B7D8 /* FirstViewController.swift */,
				38CE30322BE6337300821A58 /* SigninViewController.swift */,
				38CE30342BE6338700821A58 /* SignupViewController.swift */,
			);
			path = Login;
			sourceTree = "<group>";
		};
		38E883FA2BE3D2850032B22C /* Home */ = {
			isa = PBXGroup;
			children = (
				38388F502BD5430500265183 /* homeCellStruct.swift */,
				38388F522BD5454B00265183 /* HomeTableViewCell.swift */,
			);
			path = Home;
			sourceTree = "<group>";
		};
		38E883FB2BE3D2A90032B22C /* Deals */ = {
			isa = PBXGroup;
			children = (
				38550A272BD5C20B0034F88E /* offerteCellStruct.swift */,
				38550A2B2BD6B3180034F88E /* DealsCollectionViewCell.swift */,
			);
			path = Deals;
			sourceTree = "<group>";
		};
		38E883FC2BE3D2BC0032B22C /* Other */ = {
			isa = PBXGroup;
			children = (
				38550A252BD5A8C10034F88E /* AltroTableViewCell.swift */,
				38550A212BD5A7870034F88E /* altroCellStruct.swift */,
			);
			path = Other;
			sourceTree = "<group>";
		};
		38E883FD2BE3D2CE0032B22C /* OrderInApp */ = {
			isa = PBXGroup;
			children = (
				381294742BE3C437001CB276 /* CategoriesTableViewCell.swift */,
				381294722BE3C3E5001CB276 /* CartBrain.swift */,
				3812946E2BE3B323001CB276 /* ProductStruct.swift */,
			);
			path = OrderInApp;
			sourceTree = "<group>";
		};
		B86AD6766F3A3C289E81BF3B /* Frameworks */ = {
			isa = PBXGroup;
			children = (
				F5A77E931F7BAFC6E5F6FB76 /* Pods_McClone2.framework */,
			);
			name = Frameworks;
			sourceTree = "<group>";
		};
		D79FF4FCA347991D1E8E3902 /* Pods */ = {
			isa = PBXGroup;
			children = (
				92FFD2833229B5941BC5DB41 /* Pods-McClone2.debug.xcconfig */,
				CAC7BE1A88A4584C4D97C4BC /* Pods-McClone2.release.xcconfig */,
			);
			path = Pods;
			sourceTree = "<group>";
		};
/* End PBXGroup section */

/* Begin PBXNativeTarget section */
		385878F72BD53202006C32B5 /* McClone2 */ = {
			isa = PBXNativeTarget;
			buildConfigurationList = 3858790C2BD53203006C32B5 /* Build configuration list for PBXNativeTarget "McClone2" */;
			buildPhases = (
				11589BA0687E32E8E3191ADD /* [CP] Check Pods Manifest.lock */,
				385878F42BD53202006C32B5 /* Sources */,
				385878F52BD53202006C32B5 /* Frameworks */,
				385878F62BD53202006C32B5 /* Resources */,
			);
			buildRules = (
			);
			dependencies = (
			);
			name = McClone2;
			packageProductDependencies = (
				3849F5682C01CDC200109C8B /* FirebaseAnalytics */,
				3849F56A2C01CDC200109C8B /* FirebaseAnalyticsOnDeviceConversion */,
				3849F56C2C01CDC200109C8B /* FirebaseAnalyticsSwift */,
				3849F56E2C01CDC200109C8B /* FirebaseAnalyticsWithoutAdIdSupport */,
				3849F5702C01CDC200109C8B /* FirebaseAppCheck */,
				3849F5722C01CDC200109C8B /* FirebaseAppDistribution-Beta */,
				3849F5742C01CDC200109C8B /* FirebaseAuth */,
				3849F5762C01CDC200109C8B /* FirebaseAuthCombine-Community */,
				3849F5782C01CDC200109C8B /* FirebaseCrashlytics */,
				3849F57A2C01CDC200109C8B /* FirebaseDatabase */,
				3849F57C2C01CDC200109C8B /* FirebaseDatabaseSwift */,
				3849F57E2C01CDC200109C8B /* FirebaseDynamicLinks */,
				3849F5802C01CDC200109C8B /* FirebaseFirestore */,
				3849F5822C01CDC200109C8B /* FirebaseFirestoreCombine-Community */,
				3849F5842C01CDC200109C8B /* FirebaseFirestoreSwift */,
				3849F5862C01CDC200109C8B /* FirebaseFunctions */,
				3849F5882C01CDC200109C8B /* FirebaseFunctionsCombine-Community */,
				3849F58A2C01CDC200109C8B /* FirebaseInAppMessaging-Beta */,
				3849F58C2C01CDC200109C8B /* FirebaseInAppMessagingSwift-Beta */,
				3849F58E2C01CDC200109C8B /* FirebaseInstallations */,
				3849F5902C01CDC200109C8B /* FirebaseMLModelDownloader */,
				3849F5922C01CDC200109C8B /* FirebaseMessaging */,
				3849F5942C01CDC200109C8B /* FirebasePerformance */,
				3849F5962C01CDC200109C8B /* FirebaseRemoteConfig */,
				3849F5982C01CDC200109C8B /* FirebaseRemoteConfigSwift */,
				3849F59A2C01CDC200109C8B /* FirebaseStorage */,
				3849F59C2C01CDC200109C8B /* FirebaseStorageCombine-Community */,
				3849F59E2C01CDC200109C8B /* FirebaseVertexAI-Preview */,
				3849F5A12C01D13E00109C8B /* SCLAlertView */,
				3849F5A42C01D18300109C8B /* NVActivityIndicatorView */,
				3849F5A62C01D18300109C8B /* NVActivityIndicatorViewExtended */,
			);
			productName = McClone2;
			productReference = 385878F82BD53202006C32B5 /* McClone2.app */;
			productType = "com.apple.product-type.application";
		};
/* End PBXNativeTarget section */

/* Begin PBXProject section */
		385878F02BD53202006C32B5 /* Project object */ = {
			isa = PBXProject;
			attributes = {
				BuildIndependentTargetsInParallel = 1;
				LastSwiftUpdateCheck = 1530;
				LastUpgradeCheck = 1530;
				TargetAttributes = {
					385878F72BD53202006C32B5 = {
						CreatedOnToolsVersion = 15.3;
					};
				};
			};
			buildConfigurationList = 385878F32BD53202006C32B5 /* Build configuration list for PBXProject "McClone2" */;
			compatibilityVersion = "Xcode 14.0";
			developmentRegion = en;
			hasScannedForEncodings = 0;
			knownRegions = (
				en,
				Base,
			);
			mainGroup = 385878EF2BD53202006C32B5;
			packageReferences = (
				3849F5672C01CDC200109C8B /* XCRemoteSwiftPackageReference "firebase-ios-sdk" */,
				3849F5A02C01D13E00109C8B /* XCRemoteSwiftPackageReference "SCLAlertView-Swift" */,
				3849F5A32C01D18300109C8B /* XCRemoteSwiftPackageReference "NVActivityIndicatorView" */,
			);
			productRefGroup = 385878F92BD53202006C32B5 /* Products */;
			projectDirPath = "";
			projectRoot = "";
			targets = (
				385878F72BD53202006C32B5 /* McClone2 */,
			);
		};
/* End PBXProject section */

/* Begin PBXResourcesBuildPhase section */
		385878F62BD53202006C32B5 /* Resources */ = {
			isa = PBXResourcesBuildPhase;
			buildActionMask = 2147483647;
			files = (
				385879052BD53203006C32B5 /* Assets.xcassets in Resources */,
				3849F5A92C02907900109C8B /* GoogleService-Info.plist in Resources */,
				385879082BD53203006C32B5 /* Base in Resources */,
				385879032BD53202006C32B5 /* Base in Resources */,
			);
			runOnlyForDeploymentPostprocessing = 0;
		};
/* End PBXResourcesBuildPhase section */

/* Begin PBXShellScriptBuildPhase section */
		11589BA0687E32E8E3191ADD /* [CP] Check Pods Manifest.lock */ = {
			isa = PBXShellScriptBuildPhase;
			buildActionMask = 2147483647;
			files = (
			);
			inputFileListPaths = (
			);
			inputPaths = (
				"${PODS_PODFILE_DIR_PATH}/Podfile.lock",
				"${PODS_ROOT}/Manifest.lock",
			);
			name = "[CP] Check Pods Manifest.lock";
			outputFileListPaths = (
			);
			outputPaths = (
				"$(DERIVED_FILE_DIR)/Pods-McClone2-checkManifestLockResult.txt",
			);
			runOnlyForDeploymentPostprocessing = 0;
			shellPath = /bin/sh;
			shellScript = "diff \"${PODS_PODFILE_DIR_PATH}/Podfile.lock\" \"${PODS_ROOT}/Manifest.lock\" > /dev/null\nif [ $? != 0 ] ; then\n    # print error to STDERR\n    echo \"error: The sandbox is not in sync with the Podfile.lock. Run 'pod install' or update your CocoaPods installation.\" >&2\n    exit 1\nfi\n# This output is used by Xcode 'outputs' to avoid re-running this script phase.\necho \"SUCCESS\" > \"${SCRIPT_OUTPUT_FILE_0}\"\n";
			showEnvVarsInLog = 0;
		};
/* End PBXShellScriptBuildPhase section */

/* Begin PBXSourcesBuildPhase section */
		385878F42BD53202006C32B5 /* Sources */ = {
			isa = PBXSourcesBuildPhase;
			buildActionMask = 2147483647;
			files = (
				38550A262BD5A8C10034F88E /* AltroTableViewCell.swift in Sources */,
				38E883FF2BE3DAE80032B22C /* ProductsViewController.swift in Sources */,
				38CE30352BE6338700821A58 /* SignupViewController.swift in Sources */,
				381294752BE3C437001CB276 /* CategoriesTableViewCell.swift in Sources */,
				38550A202BD5829B0034F88E /* HomeTableViewController.swift in Sources */,
				38550A2C2BD6B3180034F88E /* DealsCollectionViewCell.swift in Sources */,
				38550A2E2BD6B3490034F88E /* DealsViewController.swift in Sources */,
				3812946F2BE3B323001CB276 /* ProductStruct.swift in Sources */,
				385878FC2BD53202006C32B5 /* AppDelegate.swift in Sources */,
				38388F532BD5454B00265183 /* HomeTableViewCell.swift in Sources */,
				38F82DA12BE61F8B00F2B7D8 /* FirstViewController.swift in Sources */,
				38CE30332BE6337300821A58 /* SigninViewController.swift in Sources */,
				38388F512BD5430500265183 /* homeCellStruct.swift in Sources */,
				38550A282BD5C20B0034F88E /* offerteCellStruct.swift in Sources */,
				385878FE2BD53202006C32B5 /* SceneDelegate.swift in Sources */,
				381294712BE3B999001CB276 /* OrderInAppViewController.swift in Sources */,
				381294732BE3C3E5001CB276 /* CartBrain.swift in Sources */,
				38550A242BD5A8AB0034F88E /* AltroTableViewController.swift in Sources */,
				38550A222BD5A7870034F88E /* altroCellStruct.swift in Sources */,
				38550A302BD6CBB00034F88E /* QRViewController.swift in Sources */,
			);
			runOnlyForDeploymentPostprocessing = 0;
		};
/* End PBXSourcesBuildPhase section */

/* Begin PBXVariantGroup section */
		385879012BD53202006C32B5 /* Main.storyboard */ = {
			isa = PBXVariantGroup;
			children = (
				385879022BD53202006C32B5 /* Base */,
			);
			name = Main.storyboard;
			sourceTree = "<group>";
		};
		385879062BD53203006C32B5 /* LaunchScreen.storyboard */ = {
			isa = PBXVariantGroup;
			children = (
				385879072BD53203006C32B5 /* Base */,
			);
			name = LaunchScreen.storyboard;
			sourceTree = "<group>";
		};
/* End PBXVariantGroup section */

/* Begin XCBuildConfiguration section */
		3858790A2BD53203006C32B5 /* Debug */ = {
			isa = XCBuildConfiguration;
			buildSettings = {
				ALWAYS_SEARCH_USER_PATHS = NO;
				ASSETCATALOG_COMPILER_GENERATE_SWIFT_ASSET_SYMBOL_EXTENSIONS = YES;
				CLANG_ANALYZER_NONNULL = YES;
				CLANG_ANALYZER_NUMBER_OBJECT_CONVERSION = YES_AGGRESSIVE;
				CLANG_CXX_LANGUAGE_STANDARD = "gnu++20";
				CLANG_ENABLE_MODULES = YES;
				CLANG_ENABLE_OBJC_ARC = YES;
				CLANG_ENABLE_OBJC_WEAK = YES;
				CLANG_WARN_BLOCK_CAPTURE_AUTORELEASING = YES;
				CLANG_WARN_BOOL_CONVERSION = YES;
				CLANG_WARN_COMMA = YES;
				CLANG_WARN_CONSTANT_CONVERSION = YES;
				CLANG_WARN_DEPRECATED_OBJC_IMPLEMENTATIONS = YES;
				CLANG_WARN_DIRECT_OBJC_ISA_USAGE = YES_ERROR;
				CLANG_WARN_DOCUMENTATION_COMMENTS = YES;
				CLANG_WARN_EMPTY_BODY = YES;
				CLANG_WARN_ENUM_CONVERSION = YES;
				CLANG_WARN_INFINITE_RECURSION = YES;
				CLANG_WARN_INT_CONVERSION = YES;
				CLANG_WARN_NON_LITERAL_NULL_CONVERSION = YES;
				CLANG_WARN_OBJC_IMPLICIT_RETAIN_SELF = YES;
				CLANG_WARN_OBJC_LITERAL_CONVERSION = YES;
				CLANG_WARN_OBJC_ROOT_CLASS = YES_ERROR;
				CLANG_WARN_QUOTED_INCLUDE_IN_FRAMEWORK_HEADER = YES;
				CLANG_WARN_RANGE_LOOP_ANALYSIS = YES;
				CLANG_WARN_STRICT_PROTOTYPES = YES;
				CLANG_WARN_SUSPICIOUS_MOVE = YES;
				CLANG_WARN_UNGUARDED_AVAILABILITY = YES_AGGRESSIVE;
				CLANG_WARN_UNREACHABLE_CODE = YES;
				CLANG_WARN__DUPLICATE_METHOD_MATCH = YES;
				COPY_PHASE_STRIP = NO;
				DEBUG_INFORMATION_FORMAT = dwarf;
				ENABLE_STRICT_OBJC_MSGSEND = YES;
				ENABLE_TESTABILITY = YES;
				ENABLE_USER_SCRIPT_SANDBOXING = YES;
				GCC_C_LANGUAGE_STANDARD = gnu17;
				GCC_DYNAMIC_NO_PIC = NO;
				GCC_NO_COMMON_BLOCKS = YES;
				GCC_OPTIMIZATION_LEVEL = 0;
				GCC_PREPROCESSOR_DEFINITIONS = (
					"DEBUG=1",
					"$(inherited)",
				);
				GCC_WARN_64_TO_32_BIT_CONVERSION = YES;
				GCC_WARN_ABOUT_RETURN_TYPE = YES_ERROR;
				GCC_WARN_UNDECLARED_SELECTOR = YES;
				GCC_WARN_UNINITIALIZED_AUTOS = YES_AGGRESSIVE;
				GCC_WARN_UNUSED_FUNCTION = YES;
				GCC_WARN_UNUSED_VARIABLE = YES;
				IPHONEOS_DEPLOYMENT_TARGET = 17.4;
				LOCALIZATION_PREFERS_STRING_CATALOGS = YES;
				MTL_ENABLE_DEBUG_INFO = INCLUDE_SOURCE;
				MTL_FAST_MATH = YES;
				ONLY_ACTIVE_ARCH = YES;
				SDKROOT = iphoneos;
				SWIFT_ACTIVE_COMPILATION_CONDITIONS = "DEBUG $(inherited)";
				SWIFT_OPTIMIZATION_LEVEL = "-Onone";
			};
			name = Debug;
		};
		3858790B2BD53203006C32B5 /* Release */ = {
			isa = XCBuildConfiguration;
			buildSettings = {
				ALWAYS_SEARCH_USER_PATHS = NO;
				ASSETCATALOG_COMPILER_GENERATE_SWIFT_ASSET_SYMBOL_EXTENSIONS = YES;
				CLANG_ANALYZER_NONNULL = YES;
				CLANG_ANALYZER_NUMBER_OBJECT_CONVERSION = YES_AGGRESSIVE;
				CLANG_CXX_LANGUAGE_STANDARD = "gnu++20";
				CLANG_ENABLE_MODULES = YES;
				CLANG_ENABLE_OBJC_ARC = YES;
				CLANG_ENABLE_OBJC_WEAK = YES;
				CLANG_WARN_BLOCK_CAPTURE_AUTORELEASING = YES;
				CLANG_WARN_BOOL_CONVERSION = YES;
				CLANG_WARN_COMMA = YES;
				CLANG_WARN_CONSTANT_CONVERSION = YES;
				CLANG_WARN_DEPRECATED_OBJC_IMPLEMENTATIONS = YES;
				CLANG_WARN_DIRECT_OBJC_ISA_USAGE = YES_ERROR;
				CLANG_WARN_DOCUMENTATION_COMMENTS = YES;
				CLANG_WARN_EMPTY_BODY = YES;
				CLANG_WARN_ENUM_CONVERSION = YES;
				CLANG_WARN_INFINITE_RECURSION = YES;
				CLANG_WARN_INT_CONVERSION = YES;
				CLANG_WARN_NON_LITERAL_NULL_CONVERSION = YES;
				CLANG_WARN_OBJC_IMPLICIT_RETAIN_SELF = YES;
				CLANG_WARN_OBJC_LITERAL_CONVERSION = YES;
				CLANG_WARN_OBJC_ROOT_CLASS = YES_ERROR;
				CLANG_WARN_QUOTED_INCLUDE_IN_FRAMEWORK_HEADER = YES;
				CLANG_WARN_RANGE_LOOP_ANALYSIS = YES;
				CLANG_WARN_STRICT_PROTOTYPES = YES;
				CLANG_WARN_SUSPICIOUS_MOVE = YES;
				CLANG_WARN_UNGUARDED_AVAILABILITY = YES_AGGRESSIVE;
				CLANG_WARN_UNREACHABLE_CODE = YES;
				CLANG_WARN__DUPLICATE_METHOD_MATCH = YES;
				COPY_PHASE_STRIP = NO;
				DEBUG_INFORMATION_FORMAT = "dwarf-with-dsym";
				ENABLE_NS_ASSERTIONS = NO;
				ENABLE_STRICT_OBJC_MSGSEND = YES;
				ENABLE_USER_SCRIPT_SANDBOXING = YES;
				GCC_C_LANGUAGE_STANDARD = gnu17;
				GCC_NO_COMMON_BLOCKS = YES;
				GCC_WARN_64_TO_32_BIT_CONVERSION = YES;
				GCC_WARN_ABOUT_RETURN_TYPE = YES_ERROR;
				GCC_WARN_UNDECLARED_SELECTOR = YES;
				GCC_WARN_UNINITIALIZED_AUTOS = YES_AGGRESSIVE;
				GCC_WARN_UNUSED_FUNCTION = YES;
				GCC_WARN_UNUSED_VARIABLE = YES;
				IPHONEOS_DEPLOYMENT_TARGET = 17.4;
				LOCALIZATION_PREFERS_STRING_CATALOGS = YES;
				MTL_ENABLE_DEBUG_INFO = NO;
				MTL_FAST_MATH = YES;
				SDKROOT = iphoneos;
				SWIFT_COMPILATION_MODE = wholemodule;
				VALIDATE_PRODUCT = YES;
			};
			name = Release;
		};
		3858790D2BD53203006C32B5 /* Debug */ = {
			isa = XCBuildConfiguration;
			baseConfigurationReference = 92FFD2833229B5941BC5DB41 /* Pods-McClone2.debug.xcconfig */;
			buildSettings = {
				ASSETCATALOG_COMPILER_APPICON_NAME = AppIcon;
				ASSETCATALOG_COMPILER_GLOBAL_ACCENT_COLOR_NAME = AccentColor;
				CODE_SIGN_STYLE = Automatic;
				CURRENT_PROJECT_VERSION = 1;
				DEVELOPMENT_TEAM = F8J5BWAXX8;
				GENERATE_INFOPLIST_FILE = YES;
				INFOPLIST_FILE = McClone2/Info.plist;
				INFOPLIST_KEY_CFBundleDisplayName = "McDowell's";
				INFOPLIST_KEY_UIApplicationSupportsIndirectInputEvents = YES;
				INFOPLIST_KEY_UILaunchStoryboardName = LaunchScreen;
				INFOPLIST_KEY_UIMainStoryboardFile = Main;
				INFOPLIST_KEY_UIRequiresFullScreen = YES;
				INFOPLIST_KEY_UIStatusBarStyle = "";
				INFOPLIST_KEY_UISupportedInterfaceOrientations = UIInterfaceOrientationPortrait;
				LD_RUNPATH_SEARCH_PATHS = (
					"$(inherited)",
					"@executable_path/Frameworks",
				);
				MARKETING_VERSION = 1.0;
				PRODUCT_BUNDLE_IDENTIFIER = com.ex.McClone2;
				PRODUCT_NAME = "$(TARGET_NAME)";
				SWIFT_EMIT_LOC_STRINGS = YES;
				SWIFT_VERSION = 5.0;
				TARGETED_DEVICE_FAMILY = "1,2";
			};
			name = Debug;
		};
		3858790E2BD53203006C32B5 /* Release */ = {
			isa = XCBuildConfiguration;
			baseConfigurationReference = CAC7BE1A88A4584C4D97C4BC /* Pods-McClone2.release.xcconfig */;
			buildSettings = {
				ASSETCATALOG_COMPILER_APPICON_NAME = AppIcon;
				ASSETCATALOG_COMPILER_GLOBAL_ACCENT_COLOR_NAME = AccentColor;
				CODE_SIGN_STYLE = Automatic;
				CURRENT_PROJECT_VERSION = 1;
				DEVELOPMENT_TEAM = F8J5BWAXX8;
				GENERATE_INFOPLIST_FILE = YES;
				INFOPLIST_FILE = McClone2/Info.plist;
				INFOPLIST_KEY_CFBundleDisplayName = "McDowell's";
				INFOPLIST_KEY_UIApplicationSupportsIndirectInputEvents = YES;
				INFOPLIST_KEY_UILaunchStoryboardName = LaunchScreen;
				INFOPLIST_KEY_UIMainStoryboardFile = Main;
				INFOPLIST_KEY_UIRequiresFullScreen = YES;
				INFOPLIST_KEY_UIStatusBarStyle = "";
				INFOPLIST_KEY_UISupportedInterfaceOrientations = UIInterfaceOrientationPortrait;
				LD_RUNPATH_SEARCH_PATHS = (
					"$(inherited)",
					"@executable_path/Frameworks",
				);
				MARKETING_VERSION = 1.0;
				PRODUCT_BUNDLE_IDENTIFIER = com.ex.McClone2;
				PRODUCT_NAME = "$(TARGET_NAME)";
				SWIFT_EMIT_LOC_STRINGS = YES;
				SWIFT_VERSION = 5.0;
				TARGETED_DEVICE_FAMILY = "1,2";
			};
			name = Release;
		};
/* End XCBuildConfiguration section */

/* Begin XCConfigurationList section */
		385878F32BD53202006C32B5 /* Build configuration list for PBXProject "McClone2" */ = {
			isa = XCConfigurationList;
			buildConfigurations = (
				3858790A2BD53203006C32B5 /* Debug */,
				3858790B2BD53203006C32B5 /* Release */,
			);
			defaultConfigurationIsVisible = 0;
			defaultConfigurationName = Release;
		};
		3858790C2BD53203006C32B5 /* Build configuration list for PBXNativeTarget "McClone2" */ = {
			isa = XCConfigurationList;
			buildConfigurations = (
				3858790D2BD53203006C32B5 /* Debug */,
				3858790E2BD53203006C32B5 /* Release */,
			);
			defaultConfigurationIsVisible = 0;
			defaultConfigurationName = Release;
		};
/* End XCConfigurationList section */

/* Begin XCRemoteSwiftPackageReference section */
		3849F5672C01CDC200109C8B /* XCRemoteSwiftPackageReference "firebase-ios-sdk" */ = {
			isa = XCRemoteSwiftPackageReference;
			repositoryURL = "https://github.com/firebase/firebase-ios-sdk";
			requirement = {
				kind = upToNextMajorVersion;
				minimumVersion = 10.26.0;
			};
		};
		3849F5A02C01D13E00109C8B /* XCRemoteSwiftPackageReference "SCLAlertView-Swift" */ = {
			isa = XCRemoteSwiftPackageReference;
			repositoryURL = "https://github.com/vikmeup/SCLAlertView-Swift.git";
			requirement = {
				kind = upToNextMajorVersion;
				minimumVersion = 0.8.2;
			};
		};
		3849F5A32C01D18300109C8B /* XCRemoteSwiftPackageReference "NVActivityIndicatorView" */ = {
			isa = XCRemoteSwiftPackageReference;
			repositoryURL = "https://github.com/ninjaprox/NVActivityIndicatorView.git";
			requirement = {
				kind = upToNextMajorVersion;
				minimumVersion = 5.2.0;
			};
		};
/* End XCRemoteSwiftPackageReference section */

/* Begin XCSwiftPackageProductDependency section */
		3849F5682C01CDC200109C8B /* FirebaseAnalytics */ = {
			isa = XCSwiftPackageProductDependency;
			package = 3849F5672C01CDC200109C8B /* XCRemoteSwiftPackageReference "firebase-ios-sdk" */;
			productName = FirebaseAnalytics;
		};
		3849F56A2C01CDC200109C8B /* FirebaseAnalyticsOnDeviceConversion */ = {
			isa = XCSwiftPackageProductDependency;
			package = 3849F5672C01CDC200109C8B /* XCRemoteSwiftPackageReference "firebase-ios-sdk" */;
			productName = FirebaseAnalyticsOnDeviceConversion;
		};
		3849F56C2C01CDC200109C8B /* FirebaseAnalyticsSwift */ = {
			isa = XCSwiftPackageProductDependency;
			package = 3849F5672C01CDC200109C8B /* XCRemoteSwiftPackageReference "firebase-ios-sdk" */;
			productName = FirebaseAnalyticsSwift;
		};
		3849F56E2C01CDC200109C8B /* FirebaseAnalyticsWithoutAdIdSupport */ = {
			isa = XCSwiftPackageProductDependency;
			package = 3849F5672C01CDC200109C8B /* XCRemoteSwiftPackageReference "firebase-ios-sdk" */;
			productName = FirebaseAnalyticsWithoutAdIdSupport;
		};
		3849F5702C01CDC200109C8B /* FirebaseAppCheck */ = {
			isa = XCSwiftPackageProductDependency;
			package = 3849F5672C01CDC200109C8B /* XCRemoteSwiftPackageReference "firebase-ios-sdk" */;
			productName = FirebaseAppCheck;
		};
		3849F5722C01CDC200109C8B /* FirebaseAppDistribution-Beta */ = {
			isa = XCSwiftPackageProductDependency;
			package = 3849F5672C01CDC200109C8B /* XCRemoteSwiftPackageReference "firebase-ios-sdk" */;
			productName = "FirebaseAppDistribution-Beta";
		};
		3849F5742C01CDC200109C8B /* FirebaseAuth */ = {
			isa = XCSwiftPackageProductDependency;
			package = 3849F5672C01CDC200109C8B /* XCRemoteSwiftPackageReference "firebase-ios-sdk" */;
			productName = FirebaseAuth;
		};
		3849F5762C01CDC200109C8B /* FirebaseAuthCombine-Community */ = {
			isa = XCSwiftPackageProductDependency;
			package = 3849F5672C01CDC200109C8B /* XCRemoteSwiftPackageReference "firebase-ios-sdk" */;
			productName = "FirebaseAuthCombine-Community";
		};
		3849F5782C01CDC200109C8B /* FirebaseCrashlytics */ = {
			isa = XCSwiftPackageProductDependency;
			package = 3849F5672C01CDC200109C8B /* XCRemoteSwiftPackageReference "firebase-ios-sdk" */;
			productName = FirebaseCrashlytics;
		};
		3849F57A2C01CDC200109C8B /* FirebaseDatabase */ = {
			isa = XCSwiftPackageProductDependency;
			package = 3849F5672C01CDC200109C8B /* XCRemoteSwiftPackageReference "firebase-ios-sdk" */;
			productName = FirebaseDatabase;
		};
		3849F57C2C01CDC200109C8B /* FirebaseDatabaseSwift */ = {
			isa = XCSwiftPackageProductDependency;
			package = 3849F5672C01CDC200109C8B /* XCRemoteSwiftPackageReference "firebase-ios-sdk" */;
			productName = FirebaseDatabaseSwift;
		};
		3849F57E2C01CDC200109C8B /* FirebaseDynamicLinks */ = {
			isa = XCSwiftPackageProductDependency;
			package = 3849F5672C01CDC200109C8B /* XCRemoteSwiftPackageReference "firebase-ios-sdk" */;
			productName = FirebaseDynamicLinks;
		};
		3849F5802C01CDC200109C8B /* FirebaseFirestore */ = {
			isa = XCSwiftPackageProductDependency;
			package = 3849F5672C01CDC200109C8B /* XCRemoteSwiftPackageReference "firebase-ios-sdk" */;
			productName = FirebaseFirestore;
		};
		3849F5822C01CDC200109C8B /* FirebaseFirestoreCombine-Community */ = {
			isa = XCSwiftPackageProductDependency;
			package = 3849F5672C01CDC200109C8B /* XCRemoteSwiftPackageReference "firebase-ios-sdk" */;
			productName = "FirebaseFirestoreCombine-Community";
		};
		3849F5842C01CDC200109C8B /* FirebaseFirestoreSwift */ = {
			isa = XCSwiftPackageProductDependency;
			package = 3849F5672C01CDC200109C8B /* XCRemoteSwiftPackageReference "firebase-ios-sdk" */;
			productName = FirebaseFirestoreSwift;
		};
		3849F5862C01CDC200109C8B /* FirebaseFunctions */ = {
			isa = XCSwiftPackageProductDependency;
			package = 3849F5672C01CDC200109C8B /* XCRemoteSwiftPackageReference "firebase-ios-sdk" */;
			productName = FirebaseFunctions;
		};
		3849F5882C01CDC200109C8B /* FirebaseFunctionsCombine-Community */ = {
			isa = XCSwiftPackageProductDependency;
			package = 3849F5672C01CDC200109C8B /* XCRemoteSwiftPackageReference "firebase-ios-sdk" */;
			productName = "FirebaseFunctionsCombine-Community";
		};
		3849F58A2C01CDC200109C8B /* FirebaseInAppMessaging-Beta */ = {
			isa = XCSwiftPackageProductDependency;
			package = 3849F5672C01CDC200109C8B /* XCRemoteSwiftPackageReference "firebase-ios-sdk" */;
			productName = "FirebaseInAppMessaging-Beta";
		};
		3849F58C2C01CDC200109C8B /* FirebaseInAppMessagingSwift-Beta */ = {
			isa = XCSwiftPackageProductDependency;
			package = 3849F5672C01CDC200109C8B /* XCRemoteSwiftPackageReference "firebase-ios-sdk" */;
			productName = "FirebaseInAppMessagingSwift-Beta";
		};
		3849F58E2C01CDC200109C8B /* FirebaseInstallations */ = {
			isa = XCSwiftPackageProductDependency;
			package = 3849F5672C01CDC200109C8B /* XCRemoteSwiftPackageReference "firebase-ios-sdk" */;
			productName = FirebaseInstallations;
		};
		3849F5902C01CDC200109C8B /* FirebaseMLModelDownloader */ = {
			isa = XCSwiftPackageProductDependency;
			package = 3849F5672C01CDC200109C8B /* XCRemoteSwiftPackageReference "firebase-ios-sdk" */;
			productName = FirebaseMLModelDownloader;
		};
		3849F5922C01CDC200109C8B /* FirebaseMessaging */ = {
			isa = XCSwiftPackageProductDependency;
			package = 3849F5672C01CDC200109C8B /* XCRemoteSwiftPackageReference "firebase-ios-sdk" */;
			productName = FirebaseMessaging;
		};
		3849F5942C01CDC200109C8B /* FirebasePerformance */ = {
			isa = XCSwiftPackageProductDependency;
			package = 3849F5672C01CDC200109C8B /* XCRemoteSwiftPackageReference "firebase-ios-sdk" */;
			productName = FirebasePerformance;
		};
		3849F5962C01CDC200109C8B /* FirebaseRemoteConfig */ = {
			isa = XCSwiftPackageProductDependency;
			package = 3849F5672C01CDC200109C8B /* XCRemoteSwiftPackageReference "firebase-ios-sdk" */;
			productName = FirebaseRemoteConfig;
		};
		3849F5982C01CDC200109C8B /* FirebaseRemoteConfigSwift */ = {
			isa = XCSwiftPackageProductDependency;
			package = 3849F5672C01CDC200109C8B /* XCRemoteSwiftPackageReference "firebase-ios-sdk" */;
			productName = FirebaseRemoteConfigSwift;
		};
		3849F59A2C01CDC200109C8B /* FirebaseStorage */ = {
			isa = XCSwiftPackageProductDependency;
			package = 3849F5672C01CDC200109C8B /* XCRemoteSwiftPackageReference "firebase-ios-sdk" */;
			productName = FirebaseStorage;
		};
		3849F59C2C01CDC200109C8B /* FirebaseStorageCombine-Community */ = {
			isa = XCSwiftPackageProductDependency;
			package = 3849F5672C01CDC200109C8B /* XCRemoteSwiftPackageReference "firebase-ios-sdk" */;
			productName = "FirebaseStorageCombine-Community";
		};
		3849F59E2C01CDC200109C8B /* FirebaseVertexAI-Preview */ = {
			isa = XCSwiftPackageProductDependency;
			package = 3849F5672C01CDC200109C8B /* XCRemoteSwiftPackageReference "firebase-ios-sdk" */;
			productName = "FirebaseVertexAI-Preview";
		};
		3849F5A12C01D13E00109C8B /* SCLAlertView */ = {
			isa = XCSwiftPackageProductDependency;
			package = 3849F5A02C01D13E00109C8B /* XCRemoteSwiftPackageReference "SCLAlertView-Swift" */;
			productName = SCLAlertView;
		};
		3849F5A42C01D18300109C8B /* NVActivityIndicatorView */ = {
			isa = XCSwiftPackageProductDependency;
			package = 3849F5A32C01D18300109C8B /* XCRemoteSwiftPackageReference "NVActivityIndicatorView" */;
			productName = NVActivityIndicatorView;
		};
		3849F5A62C01D18300109C8B /* NVActivityIndicatorViewExtended */ = {
			isa = XCSwiftPackageProductDependency;
			package = 3849F5A32C01D18300109C8B /* XCRemoteSwiftPackageReference "NVActivityIndicatorView" */;
			productName = NVActivityIndicatorViewExtended;
		};
/* End XCSwiftPackageProductDependency section */
	};
	rootObject = 385878F02BD53202006C32B5 /* Project object */;
}
