// !$*UTF8*$!
{
	archiveVersion = 1;
	classes = {
	};
	objectVersion = 56;
	objects = {

/* Begin PBXBuildFile section */
		38388F512BD5430500265183 /* homeCellStruct.swift in Sources */ = {isa = PBXBuildFile; fileRef = 38388F502BD5430500265183 /* homeCellStruct.swift */; };
		38388F532BD5454B00265183 /* HomeTableViewCell.swift in Sources */ = {isa = PBXBuildFile; fileRef = 38388F522BD5454B00265183 /* HomeTableViewCell.swift */; };
		38550A202BD5829B0034F88E /* HomeTableViewController.swift in Sources */ = {isa = PBXBuildFile; fileRef = 38550A1F2BD5829B0034F88E /* HomeTableViewController.swift */; };
		38550A222BD5A7870034F88E /* altroCellStruct.swift in Sources */ = {isa = PBXBuildFile; fileRef = 38550A212BD5A7870034F88E /* altroCellStruct.swift */; };
		38550A242BD5A8AB0034F88E /* AltroTableViewController.swift in Sources */ = {isa = PBXBuildFile; fileRef = 38550A232BD5A8AB0034F88E /* AltroTableViewController.swift */; };
		38550A262BD5A8C10034F88E /* AltroTableViewCell.swift in Sources */ = {isa = PBXBuildFile; fileRef = 38550A252BD5A8C10034F88E /* AltroTableViewCell.swift */; };
		38550A282BD5C20B0034F88E /* offerteCellStruct.swift in Sources */ = {isa = PBXBuildFile; fileRef = 38550A272BD5C20B0034F88E /* offerteCellStruct.swift */; };
		38550A2C2BD6B3180034F88E /* OfferteCollectionViewCell.swift in Sources */ = {isa = PBXBuildFile; fileRef = 38550A2B2BD6B3180034F88E /* OfferteCollectionViewCell.swift */; };
		38550A2E2BD6B3490034F88E /* OfferteViewController.swift in Sources */ = {isa = PBXBuildFile; fileRef = 38550A2D2BD6B3490034F88E /* OfferteViewController.swift */; };
		38550A302BD6CBB00034F88E /* QRViewController.swift in Sources */ = {isa = PBXBuildFile; fileRef = 38550A2F2BD6CBB00034F88E /* QRViewController.swift */; };
		385878FC2BD53202006C32B5 /* AppDelegate.swift in Sources */ = {isa = PBXBuildFile; fileRef = 385878FB2BD53202006C32B5 /* AppDelegate.swift */; };
		385878FE2BD53202006C32B5 /* SceneDelegate.swift in Sources */ = {isa = PBXBuildFile; fileRef = 385878FD2BD53202006C32B5 /* SceneDelegate.swift */; };
		385879032BD53202006C32B5 /* Base in Resources */ = {isa = PBXBuildFile; fileRef = 385879022BD53202006C32B5 /* Base */; };
		385879052BD53203006C32B5 /* Assets.xcassets in Resources */ = {isa = PBXBuildFile; fileRef = 385879042BD53203006C32B5 /* Assets.xcassets */; };
		385879082BD53203006C32B5 /* Base in Resources */ = {isa = PBXBuildFile; fileRef = 385879072BD53203006C32B5 /* Base */; };
/* End PBXBuildFile section */

/* Begin PBXFileReference section */
		38388F502BD5430500265183 /* homeCellStruct.swift */ = {isa = PBXFileReference; lastKnownFileType = sourcecode.swift; path = homeCellStruct.swift; sourceTree = "<group>"; };
		38388F522BD5454B00265183 /* HomeTableViewCell.swift */ = {isa = PBXFileReference; lastKnownFileType = sourcecode.swift; path = HomeTableViewCell.swift; sourceTree = "<group>"; };
		38550A1F2BD5829B0034F88E /* HomeTableViewController.swift */ = {isa = PBXFileReference; lastKnownFileType = sourcecode.swift; path = HomeTableViewController.swift; sourceTree = "<group>"; };
		38550A212BD5A7870034F88E /* altroCellStruct.swift */ = {isa = PBXFileReference; lastKnownFileType = sourcecode.swift; path = altroCellStruct.swift; sourceTree = "<group>"; };
		38550A232BD5A8AB0034F88E /* AltroTableViewController.swift */ = {isa = PBXFileReference; lastKnownFileType = sourcecode.swift; path = AltroTableViewController.swift; sourceTree = "<group>"; };
		38550A252BD5A8C10034F88E /* AltroTableViewCell.swift */ = {isa = PBXFileReference; lastKnownFileType = sourcecode.swift; path = AltroTableViewCell.swift; sourceTree = "<group>"; };
		38550A272BD5C20B0034F88E /* offerteCellStruct.swift */ = {isa = PBXFileReference; lastKnownFileType = sourcecode.swift; path = offerteCellStruct.swift; sourceTree = "<group>"; };
		38550A2B2BD6B3180034F88E /* OfferteCollectionViewCell.swift */ = {isa = PBXFileReference; lastKnownFileType = sourcecode.swift; path = OfferteCollectionViewCell.swift; sourceTree = "<group>"; };
		38550A2D2BD6B3490034F88E /* OfferteViewController.swift */ = {isa = PBXFileReference; lastKnownFileType = sourcecode.swift; path = OfferteViewController.swift; sourceTree = "<group>"; };
		38550A2F2BD6CBB00034F88E /* QRViewController.swift */ = {isa = PBXFileReference; lastKnownFileType = sourcecode.swift; path = QRViewController.swift; sourceTree = "<group>"; };
		385878F82BD53202006C32B5 /* McClone2.app */ = {isa = PBXFileReference; explicitFileType = wrapper.application; includeInIndex = 0; path = McClone2.app; sourceTree = BUILT_PRODUCTS_DIR; };
		385878FB2BD53202006C32B5 /* AppDelegate.swift */ = {isa = PBXFileReference; lastKnownFileType = sourcecode.swift; path = AppDelegate.swift; sourceTree = "<group>"; };
		385878FD2BD53202006C32B5 /* SceneDelegate.swift */ = {isa = PBXFileReference; lastKnownFileType = sourcecode.swift; path = SceneDelegate.swift; sourceTree = "<group>"; };
		385879022BD53202006C32B5 /* Base */ = {isa = PBXFileReference; lastKnownFileType = file.storyboard; name = Base; path = Base.lproj/Main.storyboard; sourceTree = "<group>"; };
		385879042BD53203006C32B5 /* Assets.xcassets */ = {isa = PBXFileReference; lastKnownFileType = folder.assetcatalog; path = Assets.xcassets; sourceTree = "<group>"; };
		385879072BD53203006C32B5 /* Base */ = {isa = PBXFileReference; lastKnownFileType = file.storyboard; name = Base; path = Base.lproj/LaunchScreen.storyboard; sourceTree = "<group>"; };
		385879092BD53203006C32B5 /* Info.plist */ = {isa = PBXFileReference; lastKnownFileType = text.plist.xml; path = Info.plist; sourceTree = "<group>"; };
/* End PBXFileReference section */

/* Begin PBXFrameworksBuildPhase section */
		385878F52BD53202006C32B5 /* Frameworks */ = {
			isa = PBXFrameworksBuildPhase;
			buildActionMask = 2147483647;
			files = (
			);
			runOnlyForDeploymentPostprocessing = 0;
		};
/* End PBXFrameworksBuildPhase section */

/* Begin PBXGroup section */
		38388F4F2BD542DF00265183 /* Models */ = {
			isa = PBXGroup;
			children = (
				38388F502BD5430500265183 /* homeCellStruct.swift */,
				38550A212BD5A7870034F88E /* altroCellStruct.swift */,
				38550A272BD5C20B0034F88E /* offerteCellStruct.swift */,
			);
			path = Models;
			sourceTree = "<group>";
		};
		3845358F2BD5406D002997A1 /* Controllers */ = {
			isa = PBXGroup;
			children = (
				38388F522BD5454B00265183 /* HomeTableViewCell.swift */,
				38550A2F2BD6CBB00034F88E /* QRViewController.swift */,
				38550A1F2BD5829B0034F88E /* HomeTableViewController.swift */,
				38550A232BD5A8AB0034F88E /* AltroTableViewController.swift */,
				38550A252BD5A8C10034F88E /* AltroTableViewCell.swift */,
				38550A2D2BD6B3490034F88E /* OfferteViewController.swift */,
				38550A2B2BD6B3180034F88E /* OfferteCollectionViewCell.swift */,
			);
			path = Controllers;
			sourceTree = "<group>";
		};
		384535902BD5407D002997A1 /* View */ = {
			isa = PBXGroup;
			children = (
				385879062BD53203006C32B5 /* LaunchScreen.storyboard */,
				385879012BD53202006C32B5 /* Main.storyboard */,
			);
			path = View;
			sourceTree = "<group>";
		};
		385878EF2BD53202006C32B5 = {
			isa = PBXGroup;
			children = (
				385878FA2BD53202006C32B5 /* McClone2 */,
				385878F92BD53202006C32B5 /* Products */,
			);
			sourceTree = "<group>";
		};
		385878F92BD53202006C32B5 /* Products */ = {
			isa = PBXGroup;
			children = (
				385878F82BD53202006C32B5 /* McClone2.app */,
			);
			name = Products;
			sourceTree = "<group>";
		};
		385878FA2BD53202006C32B5 /* McClone2 */ = {
			isa = PBXGroup;
			children = (
				385878FB2BD53202006C32B5 /* AppDelegate.swift */,
				385878FD2BD53202006C32B5 /* SceneDelegate.swift */,
				384535902BD5407D002997A1 /* View */,
				38388F4F2BD542DF00265183 /* Models */,
				3845358F2BD5406D002997A1 /* Controllers */,
				385879042BD53203006C32B5 /* Assets.xcassets */,
				385879092BD53203006C32B5 /* Info.plist */,
			);
			path = McClone2;
			sourceTree = "<group>";
		};
/* End PBXGroup section */

/* Begin PBXNativeTarget section */
		385878F72BD53202006C32B5 /* McClone2 */ = {
			isa = PBXNativeTarget;
			buildConfigurationList = 3858790C2BD53203006C32B5 /* Build configuration list for PBXNativeTarget "McClone2" */;
			buildPhases = (
				385878F42BD53202006C32B5 /* Sources */,
				385878F52BD53202006C32B5 /* Frameworks */,
				385878F62BD53202006C32B5 /* Resources */,
			);
			buildRules = (
			);
			dependencies = (
			);
			name = McClone2;
			productName = McClone2;
			productReference = 385878F82BD53202006C32B5 /* McClone2.app */;
			productType = "com.apple.product-type.application";
		};
/* End PBXNativeTarget section */

/* Begin PBXProject section */
		385878F02BD53202006C32B5 /* Project object */ = {
			isa = PBXProject;
			attributes = {
				BuildIndependentTargetsInParallel = 1;
				LastSwiftUpdateCheck = 1530;
				LastUpgradeCheck = 1530;
				TargetAttributes = {
					385878F72BD53202006C32B5 = {
						CreatedOnToolsVersion = 15.3;
					};
				};
			};
			buildConfigurationList = 385878F32BD53202006C32B5 /* Build configuration list for PBXProject "McClone2" */;
			compatibilityVersion = "Xcode 14.0";
			developmentRegion = en;
			hasScannedForEncodings = 0;
			knownRegions = (
				en,
				Base,
			);
			mainGroup = 385878EF2BD53202006C32B5;
			productRefGroup = 385878F92BD53202006C32B5 /* Products */;
			projectDirPath = "";
			projectRoot = "";
			targets = (
				385878F72BD53202006C32B5 /* McClone2 */,
			);
		};
/* End PBXProject section */

/* Begin PBXResourcesBuildPhase section */
		385878F62BD53202006C32B5 /* Resources */ = {
			isa = PBXResourcesBuildPhase;
			buildActionMask = 2147483647;
			files = (
				385879052BD53203006C32B5 /* Assets.xcassets in Resources */,
				385879082BD53203006C32B5 /* Base in Resources */,
				385879032BD53202006C32B5 /* Base in Resources */,
			);
			runOnlyForDeploymentPostprocessing = 0;
		};
/* End PBXResourcesBuildPhase section */

/* Begin PBXSourcesBuildPhase section */
		385878F42BD53202006C32B5 /* Sources */ = {
			isa = PBXSourcesBuildPhase;
			buildActionMask = 2147483647;
			files = (
				38550A262BD5A8C10034F88E /* AltroTableViewCell.swift in Sources */,
				38550A202BD5829B0034F88E /* HomeTableViewController.swift in Sources */,
				38550A2C2BD6B3180034F88E /* OfferteCollectionViewCell.swift in Sources */,
				38550A2E2BD6B3490034F88E /* OfferteViewController.swift in Sources */,
				385878FC2BD53202006C32B5 /* AppDelegate.swift in Sources */,
				38388F532BD5454B00265183 /* HomeTableViewCell.swift in Sources */,
				38388F512BD5430500265183 /* homeCellStruct.swift in Sources */,
				38550A282BD5C20B0034F88E /* offerteCellStruct.swift in Sources */,
				385878FE2BD53202006C32B5 /* SceneDelegate.swift in Sources */,
				38550A242BD5A8AB0034F88E /* AltroTableViewController.swift in Sources */,
				38550A222BD5A7870034F88E /* altroCellStruct.swift in Sources */,
				38550A302BD6CBB00034F88E /* QRViewController.swift in Sources */,
			);
			runOnlyForDeploymentPostprocessing = 0;
		};
/* End PBXSourcesBuildPhase section */

/* Begin PBXVariantGroup section */
		385879012BD53202006C32B5 /* Main.storyboard */ = {
			isa = PBXVariantGroup;
			children = (
				385879022BD53202006C32B5 /* Base */,
			);
			name = Main.storyboard;
			sourceTree = "<group>";
		};
		385879062BD53203006C32B5 /* LaunchScreen.storyboard */ = {
			isa = PBXVariantGroup;
			children = (
				385879072BD53203006C32B5 /* Base */,
			);
			name = LaunchScreen.storyboard;
			sourceTree = "<group>";
		};
/* End PBXVariantGroup section */

/* Begin XCBuildConfiguration section */
		3858790A2BD53203006C32B5 /* Debug */ = {
			isa = XCBuildConfiguration;
			buildSettings = {
				ALWAYS_SEARCH_USER_PATHS = NO;
				ASSETCATALOG_COMPILER_GENERATE_SWIFT_ASSET_SYMBOL_EXTENSIONS = YES;
				CLANG_ANALYZER_NONNULL = YES;
				CLANG_ANALYZER_NUMBER_OBJECT_CONVERSION = YES_AGGRESSIVE;
				CLANG_CXX_LANGUAGE_STANDARD = "gnu++20";
				CLANG_ENABLE_MODULES = YES;
				CLANG_ENABLE_OBJC_ARC = YES;
				CLANG_ENABLE_OBJC_WEAK = YES;
				CLANG_WARN_BLOCK_CAPTURE_AUTORELEASING = YES;
				CLANG_WARN_BOOL_CONVERSION = YES;
				CLANG_WARN_COMMA = YES;
				CLANG_WARN_CONSTANT_CONVERSION = YES;
				CLANG_WARN_DEPRECATED_OBJC_IMPLEMENTATIONS = YES;
				CLANG_WARN_DIRECT_OBJC_ISA_USAGE = YES_ERROR;
				CLANG_WARN_DOCUMENTATION_COMMENTS = YES;
				CLANG_WARN_EMPTY_BODY = YES;
				CLANG_WARN_ENUM_CONVERSION = YES;
				CLANG_WARN_INFINITE_RECURSION = YES;
				CLANG_WARN_INT_CONVERSION = YES;
				CLANG_WARN_NON_LITERAL_NULL_CONVERSION = YES;
				CLANG_WARN_OBJC_IMPLICIT_RETAIN_SELF = YES;
				CLANG_WARN_OBJC_LITERAL_CONVERSION = YES;
				CLANG_WARN_OBJC_ROOT_CLASS = YES_ERROR;
				CLANG_WARN_QUOTED_INCLUDE_IN_FRAMEWORK_HEADER = YES;
				CLANG_WARN_RANGE_LOOP_ANALYSIS = YES;
				CLANG_WARN_STRICT_PROTOTYPES = YES;
				CLANG_WARN_SUSPICIOUS_MOVE = YES;
				CLANG_WARN_UNGUARDED_AVAILABILITY = YES_AGGRESSIVE;
				CLANG_WARN_UNREACHABLE_CODE = YES;
				CLANG_WARN__DUPLICATE_METHOD_MATCH = YES;
				COPY_PHASE_STRIP = NO;
				DEBUG_INFORMATION_FORMAT = dwarf;
				ENABLE_STRICT_OBJC_MSGSEND = YES;
				ENABLE_TESTABILITY = YES;
				ENABLE_USER_SCRIPT_SANDBOXING = YES;
				GCC_C_LANGUAGE_STANDARD = gnu17;
				GCC_DYNAMIC_NO_PIC = NO;
				GCC_NO_COMMON_BLOCKS = YES;
				GCC_OPTIMIZATION_LEVEL = 0;
				GCC_PREPROCESSOR_DEFINITIONS = (
					"DEBUG=1",
					"$(inherited)",
				);
				GCC_WARN_64_TO_32_BIT_CONVERSION = YES;
				GCC_WARN_ABOUT_RETURN_TYPE = YES_ERROR;
				GCC_WARN_UNDECLARED_SELECTOR = YES;
				GCC_WARN_UNINITIALIZED_AUTOS = YES_AGGRESSIVE;
				GCC_WARN_UNUSED_FUNCTION = YES;
				GCC_WARN_UNUSED_VARIABLE = YES;
				IPHONEOS_DEPLOYMENT_TARGET = 17.4;
				LOCALIZATION_PREFERS_STRING_CATALOGS = YES;
				MTL_ENABLE_DEBUG_INFO = INCLUDE_SOURCE;
				MTL_FAST_MATH = YES;
				ONLY_ACTIVE_ARCH = YES;
				SDKROOT = iphoneos;
				SWIFT_ACTIVE_COMPILATION_CONDITIONS = "DEBUG $(inherited)";
				SWIFT_OPTIMIZATION_LEVEL = "-Onone";
			};
			name = Debug;
		};
		3858790B2BD53203006C32B5 /* Release */ = {
			isa = XCBuildConfiguration;
			buildSettings = {
				ALWAYS_SEARCH_USER_PATHS = NO;
				ASSETCATALOG_COMPILER_GENERATE_SWIFT_ASSET_SYMBOL_EXTENSIONS = YES;
				CLANG_ANALYZER_NONNULL = YES;
				CLANG_ANALYZER_NUMBER_OBJECT_CONVERSION = YES_AGGRESSIVE;
				CLANG_CXX_LANGUAGE_STANDARD = "gnu++20";
				CLANG_ENABLE_MODULES = YES;
				CLANG_ENABLE_OBJC_ARC = YES;
				CLANG_ENABLE_OBJC_WEAK = YES;
				CLANG_WARN_BLOCK_CAPTURE_AUTORELEASING = YES;
				CLANG_WARN_BOOL_CONVERSION = YES;
				CLANG_WARN_COMMA = YES;
				CLANG_WARN_CONSTANT_CONVERSION = YES;
				CLANG_WARN_DEPRECATED_OBJC_IMPLEMENTATIONS = YES;
				CLANG_WARN_DIRECT_OBJC_ISA_USAGE = YES_ERROR;
				CLANG_WARN_DOCUMENTATION_COMMENTS = YES;
				CLANG_WARN_EMPTY_BODY = YES;
				CLANG_WARN_ENUM_CONVERSION = YES;
				CLANG_WARN_INFINITE_RECURSION = YES;
				CLANG_WARN_INT_CONVERSION = YES;
				CLANG_WARN_NON_LITERAL_NULL_CONVERSION = YES;
				CLANG_WARN_OBJC_IMPLICIT_RETAIN_SELF = YES;
				CLANG_WARN_OBJC_LITERAL_CONVERSION = YES;
				CLANG_WARN_OBJC_ROOT_CLASS = YES_ERROR;
				CLANG_WARN_QUOTED_INCLUDE_IN_FRAMEWORK_HEADER = YES;
				CLANG_WARN_RANGE_LOOP_ANALYSIS = YES;
				CLANG_WARN_STRICT_PROTOTYPES = YES;
				CLANG_WARN_SUSPICIOUS_MOVE = YES;
				CLANG_WARN_UNGUARDED_AVAILABILITY = YES_AGGRESSIVE;
				CLANG_WARN_UNREACHABLE_CODE = YES;
				CLANG_WARN__DUPLICATE_METHOD_MATCH = YES;
				COPY_PHASE_STRIP = NO;
				DEBUG_INFORMATION_FORMAT = "dwarf-with-dsym";
				ENABLE_NS_ASSERTIONS = NO;
				ENABLE_STRICT_OBJC_MSGSEND = YES;
				ENABLE_USER_SCRIPT_SANDBOXING = YES;
				GCC_C_LANGUAGE_STANDARD = gnu17;
				GCC_NO_COMMON_BLOCKS = YES;
				GCC_WARN_64_TO_32_BIT_CONVERSION = YES;
				GCC_WARN_ABOUT_RETURN_TYPE = YES_ERROR;
				GCC_WARN_UNDECLARED_SELECTOR = YES;
				GCC_WARN_UNINITIALIZED_AUTOS = YES_AGGRESSIVE;
				GCC_WARN_UNUSED_FUNCTION = YES;
				GCC_WARN_UNUSED_VARIABLE = YES;
				IPHONEOS_DEPLOYMENT_TARGET = 17.4;
				LOCALIZATION_PREFERS_STRING_CATALOGS = YES;
				MTL_ENABLE_DEBUG_INFO = NO;
				MTL_FAST_MATH = YES;
				SDKROOT = iphoneos;
				SWIFT_COMPILATION_MODE = wholemodule;
				VALIDATE_PRODUCT = YES;
			};
			name = Release;
		};
		3858790D2BD53203006C32B5 /* Debug */ = {
			isa = XCBuildConfiguration;
			buildSettings = {
				ASSETCATALOG_COMPILER_APPICON_NAME = AppIcon;
				ASSETCATALOG_COMPILER_GLOBAL_ACCENT_COLOR_NAME = AccentColor;
				CODE_SIGN_STYLE = Automatic;
				CURRENT_PROJECT_VERSION = 1;
				DEVELOPMENT_TEAM = JXR5CT6Z39;
				GENERATE_INFOPLIST_FILE = YES;
				INFOPLIST_FILE = McClone2/Info.plist;
				INFOPLIST_KEY_UIApplicationSupportsIndirectInputEvents = YES;
				INFOPLIST_KEY_UILaunchStoryboardName = LaunchScreen;
				INFOPLIST_KEY_UIMainStoryboardFile = Main;
				INFOPLIST_KEY_UISupportedInterfaceOrientations_iPad = "UIInterfaceOrientationPortrait UIInterfaceOrientationPortraitUpsideDown UIInterfaceOrientationLandscapeLeft UIInterfaceOrientationLandscapeRight";
				INFOPLIST_KEY_UISupportedInterfaceOrientations_iPhone = "UIInterfaceOrientationPortrait UIInterfaceOrientationLandscapeLeft UIInterfaceOrientationLandscapeRight";
				LD_RUNPATH_SEARCH_PATHS = (
					"$(inherited)",
					"@executable_path/Frameworks",
				);
				MARKETING_VERSION = 1.0;
				PRODUCT_BUNDLE_IDENTIFIER = com.example.McClone2;
				PRODUCT_NAME = "$(TARGET_NAME)";
				SWIFT_EMIT_LOC_STRINGS = YES;
				SWIFT_VERSION = 5.0;
				TARGETED_DEVICE_FAMILY = "1,2";
			};
			name = Debug;
		};
		3858790E2BD53203006C32B5 /* Release */ = {
			isa = XCBuildConfiguration;
			buildSettings = {
				ASSETCATALOG_COMPILER_APPICON_NAME = AppIcon;
				ASSETCATALOG_COMPILER_GLOBAL_ACCENT_COLOR_NAME = AccentColor;
				CODE_SIGN_STYLE = Automatic;
				CURRENT_PROJECT_VERSION = 1;
				DEVELOPMENT_TEAM = JXR5CT6Z39;
				GENERATE_INFOPLIST_FILE = YES;
				INFOPLIST_FILE = McClone2/Info.plist;
				INFOPLIST_KEY_UIApplicationSupportsIndirectInputEvents = YES;
				INFOPLIST_KEY_UILaunchStoryboardName = LaunchScreen;
				INFOPLIST_KEY_UIMainStoryboardFile = Main;
				INFOPLIST_KEY_UISupportedInterfaceOrientations_iPad = "UIInterfaceOrientationPortrait UIInterfaceOrientationPortraitUpsideDown UIInterfaceOrientationLandscapeLeft UIInterfaceOrientationLandscapeRight";
				INFOPLIST_KEY_UISupportedInterfaceOrientations_iPhone = "UIInterfaceOrientationPortrait UIInterfaceOrientationLandscapeLeft UIInterfaceOrientationLandscapeRight";
				LD_RUNPATH_SEARCH_PATHS = (
					"$(inherited)",
					"@executable_path/Frameworks",
				);
				MARKETING_VERSION = 1.0;
				PRODUCT_BUNDLE_IDENTIFIER = com.example.McClone2;
				PRODUCT_NAME = "$(TARGET_NAME)";
				SWIFT_EMIT_LOC_STRINGS = YES;
				SWIFT_VERSION = 5.0;
				TARGETED_DEVICE_FAMILY = "1,2";
			};
			name = Release;
		};
/* End XCBuildConfiguration section */

/* Begin XCConfigurationList section */
		385878F32BD53202006C32B5 /* Build configuration list for PBXProject "McClone2" */ = {
			isa = XCConfigurationList;
			buildConfigurations = (
				3858790A2BD53203006C32B5 /* Debug */,
				3858790B2BD53203006C32B5 /* Release */,
			);
			defaultConfigurationIsVisible = 0;
			defaultConfigurationName = Release;
		};
		3858790C2BD53203006C32B5 /* Build configuration list for PBXNativeTarget "McClone2" */ = {
			isa = XCConfigurationList;
			buildConfigurations = (
				3858790D2BD53203006C32B5 /* Debug */,
				3858790E2BD53203006C32B5 /* Release */,
			);
			defaultConfigurationIsVisible = 0;
			defaultConfigurationName = Release;
		};
/* End XCConfigurationList section */
	};
	rootObject = 385878F02BD53202006C32B5 /* Project object */;
}
